{
    "version": 3,
    "terraform_version": "0.9.11",
    "serial": 3,
    "lineage": "0d87db1e-3fe6-49e7-a122-470314f5c35e",
    "modules": [
        {
            "path": [
                "root"
            ],
            "outputs": {
                "testinstance-ip": {
                    "sensitive": false,
                    "type": "string",
                    "value": "54.204.222.72"
                }
            },
            "resources": {},
            "depends_on": []
        },
        {
            "path": [
                "root",
                "ec2"
            ],
            "outputs": {
                "instance-ip": {
                    "sensitive": false,
                    "type": "string",
                    "value": "54.204.222.72"
                }
            },
            "resources": {
                "aws_instance.web": {
                    "type": "aws_instance",
                    "depends_on": [
                        "aws_key_pair.testkey",
                        "data.aws_ami.testami"
                    ],
                    "primary": {
                        "id": "i-04526733e38105322",
                        "attributes": {
                            "ami": "ami-d4c5efc2",
                            "associate_public_ip_address": "true",
                            "availability_zone": "us-east-1b",
                            "disable_api_termination": "false",
                            "ebs_block_device.#": "0",
                            "ebs_optimized": "false",
                            "ephemeral_block_device.#": "0",
                            "iam_instance_profile": "",
                            "id": "i-04526733e38105322",
                            "instance_state": "running",
                            "instance_type": "t2.micro",
                            "ipv6_addresses.#": "0",
                            "key_name": "testkey",
                            "monitoring": "false",
                            "network_interface.#": "0",
                            "network_interface_id": "eni-0d6ae8de",
                            "primary_network_interface_id": "eni-0d6ae8de",
                            "private_dns": "ip-172-31-7-247.ec2.internal",
                            "private_ip": "172.31.7.247",
                            "public_dns": "ec2-54-204-222-72.compute-1.amazonaws.com",
                            "public_ip": "54.204.222.72",
                            "root_block_device.#": "1",
                            "root_block_device.0.delete_on_termination": "true",
                            "root_block_device.0.iops": "0",
                            "root_block_device.0.volume_size": "8",
                            "root_block_device.0.volume_type": "standard",
                            "security_groups.#": "1",
                            "security_groups.1533881085": "allow_us",
                            "source_dest_check": "true",
                            "subnet_id": "subnet-9c90dbd5",
                            "tags.%": "1",
                            "tags.Name": "testinstance",
                            "tenancy": "default",
                            "volume_tags.%": "0",
                            "vpc_security_group_ids.#": "0"
                        },
                        "meta": {
                            "e2bfb730-ecaa-11e6-8f88-34363bc7c4c0": {
                                "create": 600000000000,
                                "delete": 600000000000,
                                "update": 600000000000
                            },
                            "schema_version": "1"
                        },
                        "tainted": false
                    },
                    "deposed": [],
                    "provider": ""
                },
                "aws_key_pair.testkey": {
                    "type": "aws_key_pair",
                    "depends_on": [],
                    "primary": {
                        "id": "testkey",
                        "attributes": {
                            "fingerprint": "b8:59:85:b5:f5:74:3e:29:8e:3e:a1:3e:c8:c6:33:f5",
                            "id": "testkey",
                            "key_name": "testkey",
                            "public_key": "ssh-rsa AAAAB3NzaC1yc2EAAAADAQABAAABAQDxeBB4aoVYlm451zV6irZMTiG1kWrVSeneGWCTwM/D60sU5FFHeWm50GuDwgZt3hqqakG8H61hXk8LvrA828z1YsLdlInanhSFDUbwDFEWRR9blh8JDMXEKJdDUl62DDEDko3PKQJc5vXT6kTSTzM19Xbe/xDaZagnpdmp0H89QmM7lvVGVvxohyANx6Z5xtKBACmxJB9ejiNu/Rsl2cMMMlmcZfRLUU5P6CeTCsISSEDZT+J5jkM7swq5ShPLi8mGpkdRWUWc2ZOaNfBXBJS1mIxJQHBLS5GUMLx6rN2mz2/d5OK4ukbHE3ROSwYEtE9c0db/01EOue/4sqHgZptv root@vagrant-ubuntu-trusty-64"
                        },
                        "meta": {
                            "schema_version": "1"
                        },
                        "tainted": false
                    },
                    "deposed": [],
                    "provider": ""
                },
                "data.aws_ami.testami": {
                    "type": "aws_ami",
                    "depends_on": [],
                    "primary": {
                        "id": "ami-d4c5efc2",
                        "attributes": {
                            "architecture": "x86_64",
                            "block_device_mappings.#": "1",
                            "block_device_mappings.3607311014.device_name": "/dev/xvda",
                            "block_device_mappings.3607311014.ebs.%": "6",
                            "block_device_mappings.3607311014.ebs.delete_on_termination": "true",
                            "block_device_mappings.3607311014.ebs.encrypted": "false",
                            "block_device_mappings.3607311014.ebs.iops": "0",
                            "block_device_mappings.3607311014.ebs.snapshot_id": "snap-0520a34809c1d59f5",
                            "block_device_mappings.3607311014.ebs.volume_size": "8",
                            "block_device_mappings.3607311014.ebs.volume_type": "standard",
                            "block_device_mappings.3607311014.no_device": "",
                            "block_device_mappings.3607311014.virtual_name": "",
                            "creation_date": "2017-06-23T23:36:47.000Z",
                            "description": "Amazon Linux AMI 2017.03.1.20170623 x86_64 VPC NAT HVM EBS",
                            "filter.#": "2",
                            "filter.490168357.name": "virtualization-type",
                            "filter.490168357.values.#": "1",
                            "filter.490168357.values.0": "hvm",
                            "filter.520757839.name": "name",
                            "filter.520757839.values.#": "1",
                            "filter.520757839.values.0": "amzn-ami-*",
                            "hypervisor": "xen",
                            "id": "ami-d4c5efc2",
                            "image_id": "ami-d4c5efc2",
                            "image_location": "amazon/amzn-ami-vpc-nat-hvm-2017.03.1.20170623-x86_64-ebs",
                            "image_owner_alias": "amazon",
                            "image_type": "machine",
                            "most_recent": "true",
                            "name": "amzn-ami-vpc-nat-hvm-2017.03.1.20170623-x86_64-ebs",
                            "owner_id": "137112412989",
                            "owners.#": "1",
                            "owners.0": "137112412989",
                            "product_codes.#": "0",
                            "public": "true",
                            "root_device_name": "/dev/xvda",
                            "root_device_type": "ebs",
                            "sriov_net_support": "simple",
                            "state": "available",
                            "state_reason.%": "2",
                            "state_reason.code": "UNSET",
                            "state_reason.message": "UNSET",
                            "tags.#": "0",
                            "virtualization_type": "hvm"
                        },
                        "meta": {},
                        "tainted": false
                    },
                    "deposed": [],
                    "provider": ""
                }
            },
            "depends_on": []
        },
        {
            "path": [
                "root",
                "security_group"
            ],
            "outputs": {
                "security_group_id": {
                    "sensitive": false,
                    "type": "string",
                    "value": "allow_us"
                }
            },
            "resources": {
                "aws_security_group.allow_us": {
                    "type": "aws_security_group",
                    "depends_on": [],
                    "primary": {
                        "id": "sg-85f496f4",
                        "attributes": {
                            "description": "Allow only my traffic",
                            "egress.#": "1",
                            "egress.482069346.cidr_blocks.#": "1",
                            "egress.482069346.cidr_blocks.0": "0.0.0.0/0",
                            "egress.482069346.from_port": "0",
                            "egress.482069346.ipv6_cidr_blocks.#": "0",
                            "egress.482069346.prefix_list_ids.#": "0",
                            "egress.482069346.protocol": "-1",
                            "egress.482069346.security_groups.#": "0",
                            "egress.482069346.self": "false",
                            "egress.482069346.to_port": "0",
                            "id": "sg-85f496f4",
                            "ingress.#": "1",
                            "ingress.4127325779.cidr_blocks.#": "1",
                            "ingress.4127325779.cidr_blocks.0": "81.174.163.145/32",
                            "ingress.4127325779.from_port": "22",
                            "ingress.4127325779.ipv6_cidr_blocks.#": "0",
                            "ingress.4127325779.protocol": "tcp",
                            "ingress.4127325779.security_groups.#": "0",
                            "ingress.4127325779.self": "false",
                            "ingress.4127325779.to_port": "22",
                            "name": "allow_us",
                            "owner_id": "986381248250",
                            "tags.%": "0",
                            "vpc_id": "vpc-ec8e2b8a"
                        },
                        "meta": {},
                        "tainted": false
                    },
                    "deposed": [],
                    "provider": ""
                }
            },
            "depends_on": []
        }
    ]
}
